
Microsoft Visual Studio Solution File, Format Version 12.00
# Visual Studio Version 17
VisualStudioVersion = 17.9.34622.214
MinimumVisualStudioVersion = 10.0.40219.1
Project("{FAE04EC0-301F-11D3-BF4B-00C04F79EFBC}") = "Retosdeprogramacion.com", "Retosdeprogramacion.com.csproj", "{A7B76B0A-3564-44EB-BC42-EB8D02FA6E85}"
EndProject
Global
	GlobalSection(SolutionConfigurationPlatforms) = preSolution
		Debug|Any CPU = Debug|Any CPU
		Release|Any CPU = Release|Any CPU
	EndGlobalSection
	GlobalSection(ProjectConfigurationPlatforms) = postSolution
		{A7B76B0A-3564-44EB-BC42-EB8D02FA6E85}.Debug|Any CPU.ActiveCfg = Debug|Any CPU
		{A7B76B0A-3564-44EB-BC42-EB8D02FA6E85}.Debug|Any CPU.Build.0 = Debug|Any CPU
		{A7B76B0A-3564-44EB-BC42-EB8D02FA6E85}.Release|Any CPU.ActiveCfg = Release|Any CPU
		{A7B76B0A-3564-44EB-BC42-EB8D02FA6E85}.Release|Any CPU.Build.0 = Release|Any CPU
	EndGlobalSection
	GlobalSection(SolutionProperties) = preSolution
		HideSolutionNode = FALSE
	EndGlobalSection
	GlobalSection(ExtensibilityGlobals) = postSolution
		SolutionGuid = {07369260-0BEF-45EB-B1E3-97F3B70BF76C}
	EndGlobalSection
EndGlobal
